
Microsoft Visual Studio Solution File, Format Version 12.00
# Visual Studio Version 17
VisualStudioVersion = 17.1.32421.90
MinimumVisualStudioVersion = 10.0.40219.1
Project("{FAE04EC0-301F-11D3-BF4B-00C04F79EFBC}") = "TweetApp2.0", "TweetApp2.0\TweetApp2.0.csproj", "{508A6584-21A1-459D-8290-10A5C319A1D6}"
EndProject
Global
	GlobalSection(SolutionConfigurationPlatforms) = preSolution
		Debug|Any CPU = Debug|Any CPU
		Release|Any CPU = Release|Any CPU
	EndGlobalSection
	GlobalSection(ProjectConfigurationPlatforms) = postSolution
		{508A6584-21A1-459D-8290-10A5C319A1D6}.Debug|Any CPU.ActiveCfg = Debug|Any CPU
		{508A6584-21A1-459D-8290-10A5C319A1D6}.Debug|Any CPU.Build.0 = Debug|Any CPU
		{508A6584-21A1-459D-8290-10A5C319A1D6}.Release|Any CPU.ActiveCfg = Release|Any CPU
		{508A6584-21A1-459D-8290-10A5C319A1D6}.Release|Any CPU.Build.0 = Release|Any CPU
	EndGlobalSection
	GlobalSection(SolutionProperties) = preSolution
		HideSolutionNode = FALSE
	EndGlobalSection
	GlobalSection(ExtensibilityGlobals) = postSolution
		SolutionGuid = {58D07C53-1BB9-4059-AE5D-E2C455342251}
	EndGlobalSection
EndGlobal
